
Microsoft Visual Studio Solution File, Format Version 12.00
# Visual Studio Version 16
VisualStudioVersion = 16.0.31729.503
MinimumVisualStudioVersion = 10.0.40219.1
Project("{E24C65DC-7377-472B-9ABA-BC803B73C61A}") = "TaskManager.React", "TaskManager.React\", "{EE910AE4-E7CA-4D45-8739-B6AE80314ED6}"
	ProjectSection(WebsiteProperties) = preProject
		TargetFrameworkMoniker = ".NETFramework,Version%3Dv4.0"
		Debug.AspNetCompiler.VirtualPath = "/localhost_58689"
		Debug.AspNetCompiler.PhysicalPath = "TaskManager.React\"
		Debug.AspNetCompiler.TargetPath = "PrecompiledWeb\localhost_58689\"
		Debug.AspNetCompiler.Updateable = "true"
		Debug.AspNetCompiler.ForceOverwrite = "true"
		Debug.AspNetCompiler.FixedNames = "false"
		Debug.AspNetCompiler.Debug = "True"
		Release.AspNetCompiler.VirtualPath = "/localhost_58689"
		Release.AspNetCompiler.PhysicalPath = "TaskManager.React\"
		Release.AspNetCompiler.TargetPath = "PrecompiledWeb\localhost_58689\"
		Release.AspNetCompiler.Updateable = "true"
		Release.AspNetCompiler.ForceOverwrite = "true"
		Release.AspNetCompiler.FixedNames = "false"
		Release.AspNetCompiler.Debug = "False"
		VWDPort = "58689"
		SlnRelativePath = "TaskManager.React\"
	EndProjectSection
EndProject
Global
	GlobalSection(SolutionConfigurationPlatforms) = preSolution
		Debug|Any CPU = Debug|Any CPU
		Release|Any CPU = Release|Any CPU
	EndGlobalSection
	GlobalSection(ProjectConfigurationPlatforms) = postSolution
		{EE910AE4-E7CA-4D45-8739-B6AE80314ED6}.Debug|Any CPU.ActiveCfg = Debug|Any CPU
		{EE910AE4-E7CA-4D45-8739-B6AE80314ED6}.Debug|Any CPU.Build.0 = Debug|Any CPU
		{EE910AE4-E7CA-4D45-8739-B6AE80314ED6}.Release|Any CPU.ActiveCfg = Debug|Any CPU
		{EE910AE4-E7CA-4D45-8739-B6AE80314ED6}.Release|Any CPU.Build.0 = Debug|Any CPU
	EndGlobalSection
	GlobalSection(SolutionProperties) = preSolution
		HideSolutionNode = FALSE
	EndGlobalSection
	GlobalSection(ExtensibilityGlobals) = postSolution
		SolutionGuid = {DECC77C1-CC3F-4A88-9DA2-155DC213FA4F}
	EndGlobalSection
EndGlobal
